Microsoft Visual Studio Solution File, Format Version 12.00
# Visual Studio Version 17
VisualStudioVersion = 17.5.2.0
MinimumVisualStudioVersion = 10.0.40219.1
Project("{2150E333-8FDC-42A3-9474-1A3956D46DE8}") = "backend", "backend", "{1AE8ACA6-933B-BF2A-3671-3E2EAC007D16}"
EndProject
Project("{FAE04EC0-301F-11D3-BF4B-00C04F79EFBC}") = "CncTooling.Domain", "backend\CncTooling.Domain\CncTooling.Domain.csproj", "{38841095-B4E7-774C-6CDC-04330DE5937A}"
EndProject
Global
	GlobalSection(SolutionConfigurationPlatforms) = preSolution
		Debug|Any CPU = Debug|Any CPU
		Release|Any CPU = Release|Any CPU
	EndGlobalSection
	GlobalSection(ProjectConfigurationPlatforms) = postSolution
		{38841095-B4E7-774C-6CDC-04330DE5937A}.Debug|Any CPU.ActiveCfg = Debug|Any CPU
		{38841095-B4E7-774C-6CDC-04330DE5937A}.Debug|Any CPU.Build.0 = Debug|Any CPU
		{38841095-B4E7-774C-6CDC-04330DE5937A}.Release|Any CPU.ActiveCfg = Release|Any CPU
		{38841095-B4E7-774C-6CDC-04330DE5937A}.Release|Any CPU.Build.0 = Release|Any CPU
	EndGlobalSection
	GlobalSection(SolutionProperties) = preSolution
		HideSolutionNode = FALSE
	EndGlobalSection
	GlobalSection(NestedProjects) = preSolution
		{38841095-B4E7-774C-6CDC-04330DE5937A} = {1AE8ACA6-933B-BF2A-3671-3E2EAC007D16}
	EndGlobalSection
	GlobalSection(ExtensibilityGlobals) = postSolution
		SolutionGuid = {D7C0F876-6925-4DB5-882B-5A92D4D1590C}
	EndGlobalSection
EndGlobal
